
Microsoft Visual Studio Solution File, Format Version 12.00
# Visual Studio Version 16
VisualStudioVersion = 16.0.28803.452
MinimumVisualStudioVersion = 10.0.40219.1
Project("{2150E333-8FDC-42A3-9474-1A3956D46DE8}") = "src", "src", "{AFAA0841-BD93-466F-B8F4-FB4EEC86F1FC}"
EndProject
Project("{9A19103F-16F7-4668-BE54-9A1E7A4F7556}") = "Master.Web", "src\Master.Web\Master.Web.csproj", "{A2213374-BB48-48FD-BBD4-81E6A961D866}"
EndProject
Project("{9A19103F-16F7-4668-BE54-9A1E7A4F7556}") = "Master.Core", "src\Master.Core\Master.Core.csproj", "{0FA75A5B-AB83-4FD0-B545-279774C01E87}"
EndProject
Project("{9A19103F-16F7-4668-BE54-9A1E7A4F7556}") = "Master.Application", "src\Master.Application\Master.Application.csproj", "{3870C648-4AEA-4B85-BA3F-F2F63B96136A}"
EndProject
Project("{9A19103F-16F7-4668-BE54-9A1E7A4F7556}") = "Master.EntityFrameworkCore", "src\Master.EntityFrameworkCore\Master.EntityFrameworkCore.csproj", "{DC780BC4-4EAC-4C63-9052-6F3169A59FA4}"
EndProject
Project("{9A19103F-16F7-4668-BE54-9A1E7A4F7556}") = "Master.Web.Core", "Src\Master.Web.Core\Master.Web.Core.csproj", "{1707A852-5A13-4CDF-8600-6E3ECA6FC9CC}"
EndProject
Project("{2150E333-8FDC-42A3-9474-1A3956D46DE8}") = "1.基础设施", "1.基础设施", "{214B6E36-F0D4-4692-8787-9DAB67892EEB}"
EndProject
Project("{2150E333-8FDC-42A3-9474-1A3956D46DE8}") = "2.领域", "2.领域", "{7EF80D8E-DC21-460C-B494-6D542FFDC08A}"
EndProject
Project("{2150E333-8FDC-42A3-9474-1A3956D46DE8}") = "3.应用服务", "3.应用服务", "{21C95CD6-F0FA-4AEC-86CD-64F0083B831B}"
EndProject
Project("{2150E333-8FDC-42A3-9474-1A3956D46DE8}") = "4.展现层", "4.展现层", "{BE13F8A0-EA35-4E0C-8362-679C0A392CC0}"
EndProject
Project("{9A19103F-16F7-4668-BE54-9A1E7A4F7556}") = "Common", "src\Common\Common.csproj", "{81B1579A-76DF-49D4-A97C-87608CB3C590}"
EndProject
Project("{2150E333-8FDC-42A3-9474-1A3956D46DE8}") = "5.插件", "5.插件", "{8D59C943-835F-4963-BE10-1D8B047238B4}"
EndProject
Project("{2150E333-8FDC-42A3-9474-1A3956D46DE8}") = "微信", "微信", "{0C41A538-8894-47AA-BFFE-7D3D2848586D}"
EndProject
Project("{9A19103F-16F7-4668-BE54-9A1E7A4F7556}") = "Master.WeiXin", "src\Plugins\Master.WeiXin\Master.WeiXin.csproj", "{6CD43DB8-C7E5-491F-8560-70F7F2BEF447}"
EndProject
Project("{2150E333-8FDC-42A3-9474-1A3956D46DE8}") = "通用", "通用", "{5B3061AA-CF6B-4853-A336-BC51230ADF98}"
EndProject
Global
	GlobalSection(SolutionConfigurationPlatforms) = preSolution
		Debug|Any CPU = Debug|Any CPU
		Release|Any CPU = Release|Any CPU
	EndGlobalSection
	GlobalSection(ProjectConfigurationPlatforms) = postSolution
		{A2213374-BB48-48FD-BBD4-81E6A961D866}.Debug|Any CPU.ActiveCfg = Debug|Any CPU
		{A2213374-BB48-48FD-BBD4-81E6A961D866}.Debug|Any CPU.Build.0 = Debug|Any CPU
		{A2213374-BB48-48FD-BBD4-81E6A961D866}.Release|Any CPU.ActiveCfg = Release|Any CPU
		{A2213374-BB48-48FD-BBD4-81E6A961D866}.Release|Any CPU.Build.0 = Release|Any CPU
		{0FA75A5B-AB83-4FD0-B545-279774C01E87}.Debug|Any CPU.ActiveCfg = Debug|Any CPU
		{0FA75A5B-AB83-4FD0-B545-279774C01E87}.Debug|Any CPU.Build.0 = Debug|Any CPU
		{0FA75A5B-AB83-4FD0-B545-279774C01E87}.Release|Any CPU.ActiveCfg = Release|Any CPU
		{0FA75A5B-AB83-4FD0-B545-279774C01E87}.Release|Any CPU.Build.0 = Release|Any CPU
		{3870C648-4AEA-4B85-BA3F-F2F63B96136A}.Debug|Any CPU.ActiveCfg = Debug|Any CPU
		{3870C648-4AEA-4B85-BA3F-F2F63B96136A}.Debug|Any CPU.Build.0 = Debug|Any CPU
		{3870C648-4AEA-4B85-BA3F-F2F63B96136A}.Release|Any CPU.ActiveCfg = Release|Any CPU
		{3870C648-4AEA-4B85-BA3F-F2F63B96136A}.Release|Any CPU.Build.0 = Release|Any CPU
		{DC780BC4-4EAC-4C63-9052-6F3169A59FA4}.Debug|Any CPU.ActiveCfg = Debug|Any CPU
		{DC780BC4-4EAC-4C63-9052-6F3169A59FA4}.Debug|Any CPU.Build.0 = Debug|Any CPU
		{DC780BC4-4EAC-4C63-9052-6F3169A59FA4}.Release|Any CPU.ActiveCfg = Release|Any CPU
		{DC780BC4-4EAC-4C63-9052-6F3169A59FA4}.Release|Any CPU.Build.0 = Release|Any CPU
		{1707A852-5A13-4CDF-8600-6E3ECA6FC9CC}.Debug|Any CPU.ActiveCfg = Debug|Any CPU
		{1707A852-5A13-4CDF-8600-6E3ECA6FC9CC}.Debug|Any CPU.Build.0 = Debug|Any CPU
		{1707A852-5A13-4CDF-8600-6E3ECA6FC9CC}.Release|Any CPU.ActiveCfg = Release|Any CPU
		{1707A852-5A13-4CDF-8600-6E3ECA6FC9CC}.Release|Any CPU.Build.0 = Release|Any CPU
		{81B1579A-76DF-49D4-A97C-87608CB3C590}.Debug|Any CPU.ActiveCfg = Debug|Any CPU
		{81B1579A-76DF-49D4-A97C-87608CB3C590}.Debug|Any CPU.Build.0 = Debug|Any CPU
		{81B1579A-76DF-49D4-A97C-87608CB3C590}.Release|Any CPU.ActiveCfg = Release|Any CPU
		{81B1579A-76DF-49D4-A97C-87608CB3C590}.Release|Any CPU.Build.0 = Release|Any CPU
		{6CD43DB8-C7E5-491F-8560-70F7F2BEF447}.Debug|Any CPU.ActiveCfg = Debug|Any CPU
		{6CD43DB8-C7E5-491F-8560-70F7F2BEF447}.Debug|Any CPU.Build.0 = Debug|Any CPU
		{6CD43DB8-C7E5-491F-8560-70F7F2BEF447}.Release|Any CPU.ActiveCfg = Release|Any CPU
		{6CD43DB8-C7E5-491F-8560-70F7F2BEF447}.Release|Any CPU.Build.0 = Release|Any CPU
	EndGlobalSection
	GlobalSection(SolutionProperties) = preSolution
		HideSolutionNode = FALSE
	EndGlobalSection
	GlobalSection(NestedProjects) = preSolution
		{A2213374-BB48-48FD-BBD4-81E6A961D866} = {BE13F8A0-EA35-4E0C-8362-679C0A392CC0}
		{0FA75A5B-AB83-4FD0-B545-279774C01E87} = {7EF80D8E-DC21-460C-B494-6D542FFDC08A}
		{3870C648-4AEA-4B85-BA3F-F2F63B96136A} = {21C95CD6-F0FA-4AEC-86CD-64F0083B831B}
		{DC780BC4-4EAC-4C63-9052-6F3169A59FA4} = {214B6E36-F0D4-4692-8787-9DAB67892EEB}
		{1707A852-5A13-4CDF-8600-6E3ECA6FC9CC} = {BE13F8A0-EA35-4E0C-8362-679C0A392CC0}
		{214B6E36-F0D4-4692-8787-9DAB67892EEB} = {AFAA0841-BD93-466F-B8F4-FB4EEC86F1FC}
		{7EF80D8E-DC21-460C-B494-6D542FFDC08A} = {AFAA0841-BD93-466F-B8F4-FB4EEC86F1FC}
		{21C95CD6-F0FA-4AEC-86CD-64F0083B831B} = {AFAA0841-BD93-466F-B8F4-FB4EEC86F1FC}
		{BE13F8A0-EA35-4E0C-8362-679C0A392CC0} = {AFAA0841-BD93-466F-B8F4-FB4EEC86F1FC}
		{81B1579A-76DF-49D4-A97C-87608CB3C590} = {214B6E36-F0D4-4692-8787-9DAB67892EEB}
		{8D59C943-835F-4963-BE10-1D8B047238B4} = {AFAA0841-BD93-466F-B8F4-FB4EEC86F1FC}
		{0C41A538-8894-47AA-BFFE-7D3D2848586D} = {5B3061AA-CF6B-4853-A336-BC51230ADF98}
		{6CD43DB8-C7E5-491F-8560-70F7F2BEF447} = {0C41A538-8894-47AA-BFFE-7D3D2848586D}
		{5B3061AA-CF6B-4853-A336-BC51230ADF98} = {8D59C943-835F-4963-BE10-1D8B047238B4}
	EndGlobalSection
	GlobalSection(ExtensibilityGlobals) = postSolution
		SolutionGuid = {284F83E1-D185-45C8-9C20-90ACB4910905}
		VisualSVNWorkingCopyRoot = .
	EndGlobalSection
EndGlobal
